// !$*UTF8*$!
{
	archiveVersion = 1;
	classes = {
	};
	objectVersion = 50;
	objects = {

/* Begin PBXBuildFile section */
		639E0DA724D36F0F007FF888 /* Navigation.swift in Sources */ = {isa = PBXBuildFile; fileRef = 639E0D9C24D36F0F007FF888 /* Navigation.swift */; };
		639E0DA824D36F0F007FF888 /* Refinement.swift in Sources */ = {isa = PBXBuildFile; fileRef = 639E0D9D24D36F0F007FF888 /* Refinement.swift */; };
		639E0DA924D36F0F007FF888 /* Records.swift in Sources */ = {isa = PBXBuildFile; fileRef = 639E0D9E24D36F0F007FF888 /* Records.swift */; };
		639E0DAA24D36F0F007FF888 /* VariantsColor.swift in Sources */ = {isa = PBXBuildFile; fileRef = 639E0D9F24D36F0F007FF888 /* VariantsColor.swift */; };
		639E0DAB24D36F0F007FF888 /* LiverpoolObject.swift in Sources */ = {isa = PBXBuildFile; fileRef = 639E0DA024D36F0F007FF888 /* LiverpoolObject.swift */; };
		639E0DAC24D36F0F007FF888 /* PlpState.swift in Sources */ = {isa = PBXBuildFile; fileRef = 639E0DA124D36F0F007FF888 /* PlpState.swift */; };
		639E0DAD24D36F0F007FF888 /* Current.swift in Sources */ = {isa = PBXBuildFile; fileRef = 639E0DA224D36F0F007FF888 /* Current.swift */; };
		639E0DAE24D36F0F007FF888 /* Status.swift in Sources */ = {isa = PBXBuildFile; fileRef = 639E0DA324D36F0F007FF888 /* Status.swift */; };
		639E0DAF24D36F0F007FF888 /* RefinementGroups.swift in Sources */ = {isa = PBXBuildFile; fileRef = 639E0DA424D36F0F007FF888 /* RefinementGroups.swift */; };
		639E0DB024D36F0F007FF888 /* PlpResults.swift in Sources */ = {isa = PBXBuildFile; fileRef = 639E0DA524D36F0F007FF888 /* PlpResults.swift */; };
		639E0DB124D36F0F007FF888 /* SortOptions.swift in Sources */ = {isa = PBXBuildFile; fileRef = 639E0DA624D36F0F007FF888 /* SortOptions.swift */; };
		DC9B5F0E24D335FF003A84D8 /* AppDelegate.swift in Sources */ = {isa = PBXBuildFile; fileRef = DC9B5F0D24D335FF003A84D8 /* AppDelegate.swift */; };
		DC9B5F1024D335FF003A84D8 /* SceneDelegate.swift in Sources */ = {isa = PBXBuildFile; fileRef = DC9B5F0F24D335FF003A84D8 /* SceneDelegate.swift */; };
		DC9B5F1224D335FF003A84D8 /* ViewController.swift in Sources */ = {isa = PBXBuildFile; fileRef = DC9B5F1124D335FF003A84D8 /* ViewController.swift */; };
		DC9B5F1524D335FF003A84D8 /* Main.storyboard in Resources */ = {isa = PBXBuildFile; fileRef = DC9B5F1324D335FF003A84D8 /* Main.storyboard */; };
		DC9B5F1724D33607003A84D8 /* Assets.xcassets in Resources */ = {isa = PBXBuildFile; fileRef = DC9B5F1624D33607003A84D8 /* Assets.xcassets */; };
		DC9B5F1A24D33607003A84D8 /* LaunchScreen.storyboard in Resources */ = {isa = PBXBuildFile; fileRef = DC9B5F1824D33607003A84D8 /* LaunchScreen.storyboard */; };
		DC9B5F2524D33608003A84D8 /* LiverpooliOSTests.swift in Sources */ = {isa = PBXBuildFile; fileRef = DC9B5F2424D33608003A84D8 /* LiverpooliOSTests.swift */; };
		DC9B5F3024D33608003A84D8 /* LiverpooliOSUITests.swift in Sources */ = {isa = PBXBuildFile; fileRef = DC9B5F2F24D33608003A84D8 /* LiverpooliOSUITests.swift */; };
		DCA1A28B24D3470600DA1FA6 /* ProductoCell.swift in Sources */ = {isa = PBXBuildFile; fileRef = DCA1A28A24D3470600DA1FA6 /* ProductoCell.swift */; };
		DCA1A28D24D347D800DA1FA6 /* Producto.swift in Sources */ = {isa = PBXBuildFile; fileRef = DCA1A28C24D347D800DA1FA6 /* Producto.swift */; };
/* End PBXBuildFile section */

/* Begin PBXContainerItemProxy section */
		DC9B5F2124D33608003A84D8 /* PBXContainerItemProxy */ = {
			isa = PBXContainerItemProxy;
			containerPortal = DC9B5F0224D335FE003A84D8 /* Project object */;
			proxyType = 1;
			remoteGlobalIDString = DC9B5F0924D335FE003A84D8;
			remoteInfo = LiverpooliOS;
		};
		DC9B5F2C24D33608003A84D8 /* PBXContainerItemProxy */ = {
			isa = PBXContainerItemProxy;
			containerPortal = DC9B5F0224D335FE003A84D8 /* Project object */;
			proxyType = 1;
			remoteGlobalIDString = DC9B5F0924D335FE003A84D8;
			remoteInfo = LiverpooliOS;
		};
/* End PBXContainerItemProxy section */

/* Begin PBXFileReference section */
		639E0D9C24D36F0F007FF888 /* Navigation.swift */ = {isa = PBXFileReference; fileEncoding = 4; lastKnownFileType = sourcecode.swift; path = Navigation.swift; sourceTree = "<group>"; };
		639E0D9D24D36F0F007FF888 /* Refinement.swift */ = {isa = PBXFileReference; fileEncoding = 4; lastKnownFileType = sourcecode.swift; path = Refinement.swift; sourceTree = "<group>"; };
		639E0D9E24D36F0F007FF888 /* Records.swift */ = {isa = PBXFileReference; fileEncoding = 4; lastKnownFileType = sourcecode.swift; path = Records.swift; sourceTree = "<group>"; };
		639E0D9F24D36F0F007FF888 /* VariantsColor.swift */ = {isa = PBXFileReference; fileEncoding = 4; lastKnownFileType = sourcecode.swift; path = VariantsColor.swift; sourceTree = "<group>"; };
		639E0DA024D36F0F007FF888 /* LiverpoolObject.swift */ = {isa = PBXFileReference; fileEncoding = 4; lastKnownFileType = sourcecode.swift; path = LiverpoolObject.swift; sourceTree = "<group>"; };
		639E0DA124D36F0F007FF888 /* PlpState.swift */ = {isa = PBXFileReference; fileEncoding = 4; lastKnownFileType = sourcecode.swift; path = PlpState.swift; sourceTree = "<group>"; };
		639E0DA224D36F0F007FF888 /* Current.swift */ = {isa = PBXFileReference; fileEncoding = 4; lastKnownFileType = sourcecode.swift; path = Current.swift; sourceTree = "<group>"; };
		639E0DA324D36F0F007FF888 /* Status.swift */ = {isa = PBXFileReference; fileEncoding = 4; lastKnownFileType = sourcecode.swift; path = Status.swift; sourceTree = "<group>"; };
		639E0DA424D36F0F007FF888 /* RefinementGroups.swift */ = {isa = PBXFileReference; fileEncoding = 4; lastKnownFileType = sourcecode.swift; path = RefinementGroups.swift; sourceTree = "<group>"; };
		639E0DA524D36F0F007FF888 /* PlpResults.swift */ = {isa = PBXFileReference; fileEncoding = 4; lastKnownFileType = sourcecode.swift; path = PlpResults.swift; sourceTree = "<group>"; };
		639E0DA624D36F0F007FF888 /* SortOptions.swift */ = {isa = PBXFileReference; fileEncoding = 4; lastKnownFileType = sourcecode.swift; path = SortOptions.swift; sourceTree = "<group>"; };
		DC9B5F0A24D335FE003A84D8 /* LiverpooliOS.app */ = {isa = PBXFileReference; explicitFileType = wrapper.application; includeInIndex = 0; path = LiverpooliOS.app; sourceTree = BUILT_PRODUCTS_DIR; };
		DC9B5F0D24D335FF003A84D8 /* AppDelegate.swift */ = {isa = PBXFileReference; lastKnownFileType = sourcecode.swift; path = AppDelegate.swift; sourceTree = "<group>"; };
		DC9B5F0F24D335FF003A84D8 /* SceneDelegate.swift */ = {isa = PBXFileReference; lastKnownFileType = sourcecode.swift; path = SceneDelegate.swift; sourceTree = "<group>"; };
		DC9B5F1124D335FF003A84D8 /* ViewController.swift */ = {isa = PBXFileReference; lastKnownFileType = sourcecode.swift; path = ViewController.swift; sourceTree = "<group>"; };
		DC9B5F1424D335FF003A84D8 /* Base */ = {isa = PBXFileReference; lastKnownFileType = file.storyboard; name = Base; path = Base.lproj/Main.storyboard; sourceTree = "<group>"; };
		DC9B5F1624D33607003A84D8 /* Assets.xcassets */ = {isa = PBXFileReference; lastKnownFileType = folder.assetcatalog; path = Assets.xcassets; sourceTree = "<group>"; };
		DC9B5F1924D33607003A84D8 /* Base */ = {isa = PBXFileReference; lastKnownFileType = file.storyboard; name = Base; path = Base.lproj/LaunchScreen.storyboard; sourceTree = "<group>"; };
		DC9B5F1B24D33607003A84D8 /* Info.plist */ = {isa = PBXFileReference; lastKnownFileType = text.plist.xml; path = Info.plist; sourceTree = "<group>"; };
		DC9B5F2024D33608003A84D8 /* LiverpooliOSTests.xctest */ = {isa = PBXFileReference; explicitFileType = wrapper.cfbundle; includeInIndex = 0; path = LiverpooliOSTests.xctest; sourceTree = BUILT_PRODUCTS_DIR; };
		DC9B5F2424D33608003A84D8 /* LiverpooliOSTests.swift */ = {isa = PBXFileReference; lastKnownFileType = sourcecode.swift; path = LiverpooliOSTests.swift; sourceTree = "<group>"; };
		DC9B5F2624D33608003A84D8 /* Info.plist */ = {isa = PBXFileReference; lastKnownFileType = text.plist.xml; path = Info.plist; sourceTree = "<group>"; };
		DC9B5F2B24D33608003A84D8 /* LiverpooliOSUITests.xctest */ = {isa = PBXFileReference; explicitFileType = wrapper.cfbundle; includeInIndex = 0; path = LiverpooliOSUITests.xctest; sourceTree = BUILT_PRODUCTS_DIR; };
		DC9B5F2F24D33608003A84D8 /* LiverpooliOSUITests.swift */ = {isa = PBXFileReference; lastKnownFileType = sourcecode.swift; path = LiverpooliOSUITests.swift; sourceTree = "<group>"; };
		DC9B5F3124D33608003A84D8 /* Info.plist */ = {isa = PBXFileReference; lastKnownFileType = text.plist.xml; path = Info.plist; sourceTree = "<group>"; };
		DCA1A28A24D3470600DA1FA6 /* ProductoCell.swift */ = {isa = PBXFileReference; lastKnownFileType = sourcecode.swift; path = ProductoCell.swift; sourceTree = "<group>"; };
		DCA1A28C24D347D800DA1FA6 /* Producto.swift */ = {isa = PBXFileReference; lastKnownFileType = sourcecode.swift; path = Producto.swift; sourceTree = "<group>"; };
/* End PBXFileReference section */

/* Begin PBXFrameworksBuildPhase section */
		DC9B5F0724D335FE003A84D8 /* Frameworks */ = {
			isa = PBXFrameworksBuildPhase;
			buildActionMask = 2147483647;
			files = (
			);
			runOnlyForDeploymentPostprocessing = 0;
		};
		DC9B5F1D24D33608003A84D8 /* Frameworks */ = {
			isa = PBXFrameworksBuildPhase;
			buildActionMask = 2147483647;
			files = (
			);
			runOnlyForDeploymentPostprocessing = 0;
		};
		DC9B5F2824D33608003A84D8 /* Frameworks */ = {
			isa = PBXFrameworksBuildPhase;
			buildActionMask = 2147483647;
			files = (
			);
			runOnlyForDeploymentPostprocessing = 0;
		};
/* End PBXFrameworksBuildPhase section */

/* Begin PBXGroup section */
		639E0D9B24D36ECF007FF888 /* Entity */ = {
			isa = PBXGroup;
			children = (
				639E0DA224D36F0F007FF888 /* Current.swift */,
				639E0DA024D36F0F007FF888 /* LiverpoolObject.swift */,
				639E0D9C24D36F0F007FF888 /* Navigation.swift */,
				639E0DA524D36F0F007FF888 /* PlpResults.swift */,
				639E0DA124D36F0F007FF888 /* PlpState.swift */,
				639E0D9E24D36F0F007FF888 /* Records.swift */,
				639E0D9D24D36F0F007FF888 /* Refinement.swift */,
				639E0DA424D36F0F007FF888 /* RefinementGroups.swift */,
				639E0DA624D36F0F007FF888 /* SortOptions.swift */,
				639E0DA324D36F0F007FF888 /* Status.swift */,
				639E0D9F24D36F0F007FF888 /* VariantsColor.swift */,
			);
			path = Entity;
			sourceTree = "<group>";
		};
		DC9B5F0124D335FE003A84D8 = {
			isa = PBXGroup;
			children = (
				DC9B5F0C24D335FE003A84D8 /* LiverpooliOS */,
				DC9B5F2324D33608003A84D8 /* LiverpooliOSTests */,
				DC9B5F2E24D33608003A84D8 /* LiverpooliOSUITests */,
				DC9B5F0B24D335FE003A84D8 /* Products */,
			);
			sourceTree = "<group>";
		};
		DC9B5F0B24D335FE003A84D8 /* Products */ = {
			isa = PBXGroup;
			children = (
				DC9B5F0A24D335FE003A84D8 /* LiverpooliOS.app */,
				DC9B5F2024D33608003A84D8 /* LiverpooliOSTests.xctest */,
				DC9B5F2B24D33608003A84D8 /* LiverpooliOSUITests.xctest */,
			);
			name = Products;
			sourceTree = "<group>";
		};
		DC9B5F0C24D335FE003A84D8 /* LiverpooliOS */ = {
			isa = PBXGroup;
			children = (
				DC9B5F0D24D335FF003A84D8 /* AppDelegate.swift */,
				DC9B5F0F24D335FF003A84D8 /* SceneDelegate.swift */,
				DC9B5F1124D335FF003A84D8 /* ViewController.swift */,
				639E0D9B24D36ECF007FF888 /* Entity */,
				DC9B5F1324D335FF003A84D8 /* Main.storyboard */,
				DC9B5F1624D33607003A84D8 /* Assets.xcassets */,
				DC9B5F1824D33607003A84D8 /* LaunchScreen.storyboard */,
				DC9B5F1B24D33607003A84D8 /* Info.plist */,
				DCA1A28A24D3470600DA1FA6 /* ProductoCell.swift */,
				DCA1A28C24D347D800DA1FA6 /* Producto.swift */,
			);
			path = LiverpooliOS;
			sourceTree = "<group>";
		};
		DC9B5F2324D33608003A84D8 /* LiverpooliOSTests */ = {
			isa = PBXGroup;
			children = (
				DC9B5F2424D33608003A84D8 /* LiverpooliOSTests.swift */,
				DC9B5F2624D33608003A84D8 /* Info.plist */,
			);
			path = LiverpooliOSTests;
			sourceTree = "<group>";
		};
		DC9B5F2E24D33608003A84D8 /* LiverpooliOSUITests */ = {
			isa = PBXGroup;
			children = (
				DC9B5F2F24D33608003A84D8 /* LiverpooliOSUITests.swift */,
				DC9B5F3124D33608003A84D8 /* Info.plist */,
			);
			path = LiverpooliOSUITests;
			sourceTree = "<group>";
		};
/* End PBXGroup section */

/* Begin PBXNativeTarget section */
		DC9B5F0924D335FE003A84D8 /* LiverpooliOS */ = {
			isa = PBXNativeTarget;
			buildConfigurationList = DC9B5F3424D33608003A84D8 /* Build configuration list for PBXNativeTarget "LiverpooliOS" */;
			buildPhases = (
				DC9B5F0624D335FE003A84D8 /* Sources */,
				DC9B5F0724D335FE003A84D8 /* Frameworks */,
				DC9B5F0824D335FE003A84D8 /* Resources */,
			);
			buildRules = (
			);
			dependencies = (
			);
			name = LiverpooliOS;
			productName = LiverpooliOS;
			productReference = DC9B5F0A24D335FE003A84D8 /* LiverpooliOS.app */;
			productType = "com.apple.product-type.application";
		};
		DC9B5F1F24D33608003A84D8 /* LiverpooliOSTests */ = {
			isa = PBXNativeTarget;
			buildConfigurationList = DC9B5F3724D33608003A84D8 /* Build configuration list for PBXNativeTarget "LiverpooliOSTests" */;
			buildPhases = (
				DC9B5F1C24D33608003A84D8 /* Sources */,
				DC9B5F1D24D33608003A84D8 /* Frameworks */,
				DC9B5F1E24D33608003A84D8 /* Resources */,
			);
			buildRules = (
			);
			dependencies = (
				DC9B5F2224D33608003A84D8 /* PBXTargetDependency */,
			);
			name = LiverpooliOSTests;
			productName = LiverpooliOSTests;
			productReference = DC9B5F2024D33608003A84D8 /* LiverpooliOSTests.xctest */;
			productType = "com.apple.product-type.bundle.unit-test";
		};
		DC9B5F2A24D33608003A84D8 /* LiverpooliOSUITests */ = {
			isa = PBXNativeTarget;
			buildConfigurationList = DC9B5F3A24D33608003A84D8 /* Build configuration list for PBXNativeTarget "LiverpooliOSUITests" */;
			buildPhases = (
				DC9B5F2724D33608003A84D8 /* Sources */,
				DC9B5F2824D33608003A84D8 /* Frameworks */,
				DC9B5F2924D33608003A84D8 /* Resources */,
			);
			buildRules = (
			);
			dependencies = (
				DC9B5F2D24D33608003A84D8 /* PBXTargetDependency */,
			);
			name = LiverpooliOSUITests;
			productName = LiverpooliOSUITests;
			productReference = DC9B5F2B24D33608003A84D8 /* LiverpooliOSUITests.xctest */;
			productType = "com.apple.product-type.bundle.ui-testing";
		};
/* End PBXNativeTarget section */

/* Begin PBXProject section */
		DC9B5F0224D335FE003A84D8 /* Project object */ = {
			isa = PBXProject;
			attributes = {
				LastSwiftUpdateCheck = 1100;
				LastUpgradeCheck = 1100;
				ORGANIZATIONNAME = "Hector Aguilar";
				TargetAttributes = {
					DC9B5F0924D335FE003A84D8 = {
						CreatedOnToolsVersion = 11.0;
					};
					DC9B5F1F24D33608003A84D8 = {
						CreatedOnToolsVersion = 11.0;
						TestTargetID = DC9B5F0924D335FE003A84D8;
					};
					DC9B5F2A24D33608003A84D8 = {
						CreatedOnToolsVersion = 11.0;
						TestTargetID = DC9B5F0924D335FE003A84D8;
					};
				};
			};
			buildConfigurationList = DC9B5F0524D335FE003A84D8 /* Build configuration list for PBXProject "LiverpooliOS" */;
			compatibilityVersion = "Xcode 9.3";
			developmentRegion = en;
			hasScannedForEncodings = 0;
			knownRegions = (
				en,
				Base,
			);
			mainGroup = DC9B5F0124D335FE003A84D8;
			productRefGroup = DC9B5F0B24D335FE003A84D8 /* Products */;
			projectDirPath = "";
			projectRoot = "";
			targets = (
				DC9B5F0924D335FE003A84D8 /* LiverpooliOS */,
				DC9B5F1F24D33608003A84D8 /* LiverpooliOSTests */,
				DC9B5F2A24D33608003A84D8 /* LiverpooliOSUITests */,
			);
		};
/* End PBXProject section */

/* Begin PBXResourcesBuildPhase section */
		DC9B5F0824D335FE003A84D8 /* Resources */ = {
			isa = PBXResourcesBuildPhase;
			buildActionMask = 2147483647;
			files = (
				DC9B5F1A24D33607003A84D8 /* LaunchScreen.storyboard in Resources */,
				DC9B5F1724D33607003A84D8 /* Assets.xcassets in Resources */,
				DC9B5F1524D335FF003A84D8 /* Main.storyboard in Resources */,
			);
			runOnlyForDeploymentPostprocessing = 0;
		};
		DC9B5F1E24D33608003A84D8 /* Resources */ = {
			isa = PBXResourcesBuildPhase;
			buildActionMask = 2147483647;
			files = (
			);
			runOnlyForDeploymentPostprocessing = 0;
		};
		DC9B5F2924D33608003A84D8 /* Resources */ = {
			isa = PBXResourcesBuildPhase;
			buildActionMask = 2147483647;
			files = (
			);
			runOnlyForDeploymentPostprocessing = 0;
		};
/* End PBXResourcesBuildPhase section */

/* Begin PBXSourcesBuildPhase section */
		DC9B5F0624D335FE003A84D8 /* Sources */ = {
			isa = PBXSourcesBuildPhase;
			buildActionMask = 2147483647;
			files = (
				639E0DB124D36F0F007FF888 /* SortOptions.swift in Sources */,
				639E0DAC24D36F0F007FF888 /* PlpState.swift in Sources */,
				639E0DAA24D36F0F007FF888 /* VariantsColor.swift in Sources */,
				DC9B5F1224D335FF003A84D8 /* ViewController.swift in Sources */,
				639E0DAD24D36F0F007FF888 /* Current.swift in Sources */,
				639E0DB024D36F0F007FF888 /* PlpResults.swift in Sources */,
				DCA1A28B24D3470600DA1FA6 /* ProductoCell.swift in Sources */,
				639E0DA924D36F0F007FF888 /* Records.swift in Sources */,
				DCA1A28D24D347D800DA1FA6 /* Producto.swift in Sources */,
				639E0DA724D36F0F007FF888 /* Navigation.swift in Sources */,
				639E0DAF24D36F0F007FF888 /* RefinementGroups.swift in Sources */,
				DC9B5F0E24D335FF003A84D8 /* AppDelegate.swift in Sources */,
				639E0DAE24D36F0F007FF888 /* Status.swift in Sources */,
				639E0DAB24D36F0F007FF888 /* LiverpoolObject.swift in Sources */,
				639E0DA824D36F0F007FF888 /* Refinement.swift in Sources */,
				DC9B5F1024D335FF003A84D8 /* SceneDelegate.swift in Sources */,
			);
			runOnlyForDeploymentPostprocessing = 0;
		};
		DC9B5F1C24D33608003A84D8 /* Sources */ = {
			isa = PBXSourcesBuildPhase;
			buildActionMask = 2147483647;
			files = (
				DC9B5F2524D33608003A84D8 /* LiverpooliOSTests.swift in Sources */,
			);
			runOnlyForDeploymentPostprocessing = 0;
		};
		DC9B5F2724D33608003A84D8 /* Sources */ = {
			isa = PBXSourcesBuildPhase;
			buildActionMask = 2147483647;
			files = (
				DC9B5F3024D33608003A84D8 /* LiverpooliOSUITests.swift in Sources */,
			);
			runOnlyForDeploymentPostprocessing = 0;
		};
/* End PBXSourcesBuildPhase section */

/* Begin PBXTargetDependency section */
		DC9B5F2224D33608003A84D8 /* PBXTargetDependency */ = {
			isa = PBXTargetDependency;
			target = DC9B5F0924D335FE003A84D8 /* LiverpooliOS */;
			targetProxy = DC9B5F2124D33608003A84D8 /* PBXContainerItemProxy */;
		};
		DC9B5F2D24D33608003A84D8 /* PBXTargetDependency */ = {
			isa = PBXTargetDependency;
			target = DC9B5F0924D335FE003A84D8 /* LiverpooliOS */;
			targetProxy = DC9B5F2C24D33608003A84D8 /* PBXContainerItemProxy */;
		};
/* End PBXTargetDependency section */

/* Begin PBXVariantGroup section */
		DC9B5F1324D335FF003A84D8 /* Main.storyboard */ = {
			isa = PBXVariantGroup;
			children = (
				DC9B5F1424D335FF003A84D8 /* Base */,
			);
			name = Main.storyboard;
			sourceTree = "<group>";
		};
		DC9B5F1824D33607003A84D8 /* LaunchScreen.storyboard */ = {
			isa = PBXVariantGroup;
			children = (
				DC9B5F1924D33607003A84D8 /* Base */,
			);
			name = LaunchScreen.storyboard;
			sourceTree = "<group>";
		};
/* End PBXVariantGroup section */

/* Begin XCBuildConfiguration section */
		DC9B5F3224D33608003A84D8 /* Debug */ = {
			isa = XCBuildConfiguration;
			buildSettings = {
				ALWAYS_SEARCH_USER_PATHS = NO;
				CLANG_ANALYZER_NONNULL = YES;
				CLANG_ANALYZER_NUMBER_OBJECT_CONVERSION = YES_AGGRESSIVE;
				CLANG_CXX_LANGUAGE_STANDARD = "gnu++14";
				CLANG_CXX_LIBRARY = "libc++";
				CLANG_ENABLE_MODULES = YES;
				CLANG_ENABLE_OBJC_ARC = YES;
				CLANG_ENABLE_OBJC_WEAK = YES;
				CLANG_WARN_BLOCK_CAPTURE_AUTORELEASING = YES;
				CLANG_WARN_BOOL_CONVERSION = YES;
				CLANG_WARN_COMMA = YES;
				CLANG_WARN_CONSTANT_CONVERSION = YES;
				CLANG_WARN_DEPRECATED_OBJC_IMPLEMENTATIONS = YES;
				CLANG_WARN_DIRECT_OBJC_ISA_USAGE = YES_ERROR;
				CLANG_WARN_DOCUMENTATION_COMMENTS = YES;
				CLANG_WARN_EMPTY_BODY = YES;
				CLANG_WARN_ENUM_CONVERSION = YES;
				CLANG_WARN_INFINITE_RECURSION = YES;
				CLANG_WARN_INT_CONVERSION = YES;
				CLANG_WARN_NON_LITERAL_NULL_CONVERSION = YES;
				CLANG_WARN_OBJC_IMPLICIT_RETAIN_SELF = YES;
				CLANG_WARN_OBJC_LITERAL_CONVERSION = YES;
				CLANG_WARN_OBJC_ROOT_CLASS = YES_ERROR;
				CLANG_WARN_RANGE_LOOP_ANALYSIS = YES;
				CLANG_WARN_STRICT_PROTOTYPES = YES;
				CLANG_WARN_SUSPICIOUS_MOVE = YES;
				CLANG_WARN_UNGUARDED_AVAILABILITY = YES_AGGRESSIVE;
				CLANG_WARN_UNREACHABLE_CODE = YES;
				CLANG_WARN__DUPLICATE_METHOD_MATCH = YES;
				COPY_PHASE_STRIP = NO;
				DEBUG_INFORMATION_FORMAT = dwarf;
				ENABLE_STRICT_OBJC_MSGSEND = YES;
				ENABLE_TESTABILITY = YES;
				GCC_C_LANGUAGE_STANDARD = gnu11;
				GCC_DYNAMIC_NO_PIC = NO;
				GCC_NO_COMMON_BLOCKS = YES;
				GCC_OPTIMIZATION_LEVEL = 0;
				GCC_PREPROCESSOR_DEFINITIONS = (
					"DEBUG=1",
					"$(inherited)",
				);
				GCC_WARN_64_TO_32_BIT_CONVERSION = YES;
				GCC_WARN_ABOUT_RETURN_TYPE = YES_ERROR;
				GCC_WARN_UNDECLARED_SELECTOR = YES;
				GCC_WARN_UNINITIALIZED_AUTOS = YES_AGGRESSIVE;
				GCC_WARN_UNUSED_FUNCTION = YES;
				GCC_WARN_UNUSED_VARIABLE = YES;
				IPHONEOS_DEPLOYMENT_TARGET = 13.0;
				MTL_ENABLE_DEBUG_INFO = INCLUDE_SOURCE;
				MTL_FAST_MATH = YES;
				ONLY_ACTIVE_ARCH = YES;
				SDKROOT = iphoneos;
				SWIFT_ACTIVE_COMPILATION_CONDITIONS = DEBUG;
				SWIFT_OPTIMIZATION_LEVEL = "-Onone";
			};
			name = Debug;
		};
		DC9B5F3324D33608003A84D8 /* Release */ = {
			isa = XCBuildConfiguration;
			buildSettings = {
				ALWAYS_SEARCH_USER_PATHS = NO;
				CLANG_ANALYZER_NONNULL = YES;
				CLANG_ANALYZER_NUMBER_OBJECT_CONVERSION = YES_AGGRESSIVE;
				CLANG_CXX_LANGUAGE_STANDARD = "gnu++14";
				CLANG_CXX_LIBRARY = "libc++";
				CLANG_ENABLE_MODULES = YES;
				CLANG_ENABLE_OBJC_ARC = YES;
				CLANG_ENABLE_OBJC_WEAK = YES;
				CLANG_WARN_BLOCK_CAPTURE_AUTORELEASING = YES;
				CLANG_WARN_BOOL_CONVERSION = YES;
				CLANG_WARN_COMMA = YES;
				CLANG_WARN_CONSTANT_CONVERSION = YES;
				CLANG_WARN_DEPRECATED_OBJC_IMPLEMENTATIONS = YES;
				CLANG_WARN_DIRECT_OBJC_ISA_USAGE = YES_ERROR;
				CLANG_WARN_DOCUMENTATION_COMMENTS = YES;
				CLANG_WARN_EMPTY_BODY = YES;
				CLANG_WARN_ENUM_CONVERSION = YES;
				CLANG_WARN_INFINITE_RECURSION = YES;
				CLANG_WARN_INT_CONVERSION = YES;
				CLANG_WARN_NON_LITERAL_NULL_CONVERSION = YES;
				CLANG_WARN_OBJC_IMPLICIT_RETAIN_SELF = YES;
				CLANG_WARN_OBJC_LITERAL_CONVERSION = YES;
				CLANG_WARN_OBJC_ROOT_CLASS = YES_ERROR;
				CLANG_WARN_RANGE_LOOP_ANALYSIS = YES;
				CLANG_WARN_STRICT_PROTOTYPES = YES;
				CLANG_WARN_SUSPICIOUS_MOVE = YES;
				CLANG_WARN_UNGUARDED_AVAILABILITY = YES_AGGRESSIVE;
				CLANG_WARN_UNREACHABLE_CODE = YES;
				CLANG_WARN__DUPLICATE_METHOD_MATCH = YES;
				COPY_PHASE_STRIP = NO;
				DEBUG_INFORMATION_FORMAT = "dwarf-with-dsym";
				ENABLE_NS_ASSERTIONS = NO;
				ENABLE_STRICT_OBJC_MSGSEND = YES;
				GCC_C_LANGUAGE_STANDARD = gnu11;
				GCC_NO_COMMON_BLOCKS = YES;
				GCC_WARN_64_TO_32_BIT_CONVERSION = YES;
				GCC_WARN_ABOUT_RETURN_TYPE = YES_ERROR;
				GCC_WARN_UNDECLARED_SELECTOR = YES;
				GCC_WARN_UNINITIALIZED_AUTOS = YES_AGGRESSIVE;
				GCC_WARN_UNUSED_FUNCTION = YES;
				GCC_WARN_UNUSED_VARIABLE = YES;
				IPHONEOS_DEPLOYMENT_TARGET = 13.0;
				MTL_ENABLE_DEBUG_INFO = NO;
				MTL_FAST_MATH = YES;
				SDKROOT = iphoneos;
				SWIFT_COMPILATION_MODE = wholemodule;
				SWIFT_OPTIMIZATION_LEVEL = "-O";
				VALIDATE_PRODUCT = YES;
			};
			name = Release;
		};
		DC9B5F3524D33608003A84D8 /* Debug */ = {
			isa = XCBuildConfiguration;
			buildSettings = {
				ASSETCATALOG_COMPILER_APPICON_NAME = AppIcon;
				CODE_SIGN_STYLE = Automatic;
				INFOPLIST_FILE = LiverpooliOS/Info.plist;
				LD_RUNPATH_SEARCH_PATHS = (
					"$(inherited)",
					"@executable_path/Frameworks",
				);
				PRODUCT_BUNDLE_IDENTIFIER = com.aguitech.LiverpooliOS;
				PRODUCT_NAME = "$(TARGET_NAME)";
				SWIFT_VERSION = 5.0;
				TARGETED_DEVICE_FAMILY = "1,2";
			};
			name = Debug;
		};
		DC9B5F3624D33608003A84D8 /* Release */ = {
			isa = XCBuildConfiguration;
			buildSettings = {
				ASSETCATALOG_COMPILER_APPICON_NAME = AppIcon;
				CODE_SIGN_STYLE = Automatic;
				INFOPLIST_FILE = LiverpooliOS/Info.plist;
				LD_RUNPATH_SEARCH_PATHS = (
					"$(inherited)",
					"@executable_path/Frameworks",
				);
				PRODUCT_BUNDLE_IDENTIFIER = com.aguitech.LiverpooliOS;
				PRODUCT_NAME = "$(TARGET_NAME)";
				SWIFT_VERSION = 5.0;
				TARGETED_DEVICE_FAMILY = "1,2";
			};
			name = Release;
		};
		DC9B5F3824D33608003A84D8 /* Debug */ = {
			isa = XCBuildConfiguration;
			buildSettings = {
				ALWAYS_EMBED_SWIFT_STANDARD_LIBRARIES = YES;
				BUNDLE_LOADER = "$(TEST_HOST)";
				CODE_SIGN_STYLE = Automatic;
				INFOPLIST_FILE = LiverpooliOSTests/Info.plist;
				IPHONEOS_DEPLOYMENT_TARGET = 13.0;
				LD_RUNPATH_SEARCH_PATHS = (
					"$(inherited)",
					"@executable_path/Frameworks",
					"@loader_path/Frameworks",
				);
				PRODUCT_BUNDLE_IDENTIFIER = com.aguitech.LiverpooliOSTests;
				PRODUCT_NAME = "$(TARGET_NAME)";
				SWIFT_VERSION = 5.0;
				TARGETED_DEVICE_FAMILY = "1,2";
				TEST_HOST = "$(BUILT_PRODUCTS_DIR)/LiverpooliOS.app/LiverpooliOS";
			};
			name = Debug;
		};
		DC9B5F3924D33608003A84D8 /* Release */ = {
			isa = XCBuildConfiguration;
			buildSettings = {
				ALWAYS_EMBED_SWIFT_STANDARD_LIBRARIES = YES;
				BUNDLE_LOADER = "$(TEST_HOST)";
				CODE_SIGN_STYLE = Automatic;
				INFOPLIST_FILE = LiverpooliOSTests/Info.plist;
				IPHONEOS_DEPLOYMENT_TARGET = 13.0;
				LD_RUNPATH_SEARCH_PATHS = (
					"$(inherited)",
					"@executable_path/Frameworks",
					"@loader_path/Frameworks",
				);
				PRODUCT_BUNDLE_IDENTIFIER = com.aguitech.LiverpooliOSTests;
				PRODUCT_NAME = "$(TARGET_NAME)";
				SWIFT_VERSION = 5.0;
				TARGETED_DEVICE_FAMILY = "1,2";
				TEST_HOST = "$(BUILT_PRODUCTS_DIR)/LiverpooliOS.app/LiverpooliOS";
			};
			name = Release;
		};
		DC9B5F3B24D33608003A84D8 /* Debug */ = {
			isa = XCBuildConfiguration;
			buildSettings = {
				ALWAYS_EMBED_SWIFT_STANDARD_LIBRARIES = YES;
				CODE_SIGN_STYLE = Automatic;
				INFOPLIST_FILE = LiverpooliOSUITests/Info.plist;
				LD_RUNPATH_SEARCH_PATHS = (
					"$(inherited)",
					"@executable_path/Frameworks",
					"@loader_path/Frameworks",
				);
				PRODUCT_BUNDLE_IDENTIFIER = com.aguitech.LiverpooliOSUITests;
				PRODUCT_NAME = "$(TARGET_NAME)";
				SWIFT_VERSION = 5.0;
				TARGETED_DEVICE_FAMILY = "1,2";
				TEST_TARGET_NAME = LiverpooliOS;
			};
			name = Debug;
		};
		DC9B5F3C24D33608003A84D8 /* Release */ = {
			isa = XCBuildConfiguration;
			buildSettings = {
				ALWAYS_EMBED_SWIFT_STANDARD_LIBRARIES = YES;
				CODE_SIGN_STYLE = Automatic;
				INFOPLIST_FILE = LiverpooliOSUITests/Info.plist;
				LD_RUNPATH_SEARCH_PATHS = (
					"$(inherited)",
					"@executable_path/Frameworks",
					"@loader_path/Frameworks",
				);
				PRODUCT_BUNDLE_IDENTIFIER = com.aguitech.LiverpooliOSUITests;
				PRODUCT_NAME = "$(TARGET_NAME)";
				SWIFT_VERSION = 5.0;
				TARGETED_DEVICE_FAMILY = "1,2";
				TEST_TARGET_NAME = LiverpooliOS;
			};
			name = Release;
		};
/* End XCBuildConfiguration section */

/* Begin XCConfigurationList section */
		DC9B5F0524D335FE003A84D8 /* Build configuration list for PBXProject "LiverpooliOS" */ = {
			isa = XCConfigurationList;
			buildConfigurations = (
				DC9B5F3224D33608003A84D8 /* Debug */,
				DC9B5F3324D33608003A84D8 /* Release */,
			);
			defaultConfigurationIsVisible = 0;
			defaultConfigurationName = Release;
		};
		DC9B5F3424D33608003A84D8 /* Build configuration list for PBXNativeTarget "LiverpooliOS" */ = {
			isa = XCConfigurationList;
			buildConfigurations = (
				DC9B5F3524D33608003A84D8 /* Debug */,
				DC9B5F3624D33608003A84D8 /* Release */,
			);
			defaultConfigurationIsVisible = 0;
			defaultConfigurationName = Release;
		};
		DC9B5F3724D33608003A84D8 /* Build configuration list for PBXNativeTarget "LiverpooliOSTests" */ = {
			isa = XCConfigurationList;
			buildConfigurations = (
				DC9B5F3824D33608003A84D8 /* Debug */,
				DC9B5F3924D33608003A84D8 /* Release */,
			);
			defaultConfigurationIsVisible = 0;
			defaultConfigurationName = Release;
		};
		DC9B5F3A24D33608003A84D8 /* Build configuration list for PBXNativeTarget "LiverpooliOSUITests" */ = {
			isa = XCConfigurationList;
			buildConfigurations = (
				DC9B5F3B24D33608003A84D8 /* Debug */,
				DC9B5F3C24D33608003A84D8 /* Release */,
			);
			defaultConfigurationIsVisible = 0;
			defaultConfigurationName = Release;
		};
/* End XCConfigurationList section */
	};
	rootObject = DC9B5F0224D335FE003A84D8 /* Project object */;
}
